
Microsoft Visual Studio Solution File, Format Version 12.00
# Visual Studio Version 16
VisualStudioVersion = 16.0.31112.23
MinimumVisualStudioVersion = 10.0.40219.1
Project("{FAE04EC0-301F-11D3-BF4B-00C04F79EFBC}") = "Algorithms", "Algorithms\Algorithms.csproj", "{C2404DB0-4FF8-495B-A439-4430ADC620C6}"
EndProject
Project("{FAE04EC0-301F-11D3-BF4B-00C04F79EFBC}") = "Algorithms.Test", "Algorithms.Test\Algorithms.Test.csproj", "{B7065E12-6FF1-479C-B5C5-6BAD950DB7A8}"
EndProject
Global
	GlobalSection(SolutionConfigurationPlatforms) = preSolution
		Debug|Any CPU = Debug|Any CPU
		Release|Any CPU = Release|Any CPU
	EndGlobalSection
	GlobalSection(ProjectConfigurationPlatforms) = postSolution
		{C2404DB0-4FF8-495B-A439-4430ADC620C6}.Debug|Any CPU.ActiveCfg = Debug|Any CPU
		{C2404DB0-4FF8-495B-A439-4430ADC620C6}.Debug|Any CPU.Build.0 = Debug|Any CPU
		{C2404DB0-4FF8-495B-A439-4430ADC620C6}.Release|Any CPU.ActiveCfg = Release|Any CPU
		{C2404DB0-4FF8-495B-A439-4430ADC620C6}.Release|Any CPU.Build.0 = Release|Any CPU
		{B7065E12-6FF1-479C-B5C5-6BAD950DB7A8}.Debug|Any CPU.ActiveCfg = Debug|Any CPU
		{B7065E12-6FF1-479C-B5C5-6BAD950DB7A8}.Debug|Any CPU.Build.0 = Debug|Any CPU
		{B7065E12-6FF1-479C-B5C5-6BAD950DB7A8}.Release|Any CPU.ActiveCfg = Release|Any CPU
		{B7065E12-6FF1-479C-B5C5-6BAD950DB7A8}.Release|Any CPU.Build.0 = Release|Any CPU
	EndGlobalSection
	GlobalSection(SolutionProperties) = preSolution
		HideSolutionNode = FALSE
	EndGlobalSection
	GlobalSection(ExtensibilityGlobals) = postSolution
		SolutionGuid = {E87B7C1B-56A6-489C-862C-39FF8A66F198}
	EndGlobalSection
EndGlobal
