
Microsoft Visual Studio Solution File, Format Version 12.00
# Visual Studio Version 17
VisualStudioVersion = 17.0.31410.414
MinimumVisualStudioVersion = 10.0.40219.1
Project("{9A19103F-16F7-4668-BE54-9A1E7A4F7556}") = "Lesson4", "Lesson4\Lesson4.csproj", "{BDD5AE4E-2C52-46C8-A513-6A031EC511DC}"
EndProject
Project("{FAE04EC0-301F-11D3-BF4B-00C04F79EFBC}") = "Lesson4.Tests.NUnit", "Lesson4.Tests.NUnit\Lesson4.Tests.NUnit.csproj", "{338606DB-9818-4667-A466-C03A09AD9AE4}"
EndProject
Global
	GlobalSection(SolutionConfigurationPlatforms) = preSolution
		Debug|Any CPU = Debug|Any CPU
		Release|Any CPU = Release|Any CPU
	EndGlobalSection
	GlobalSection(ProjectConfigurationPlatforms) = postSolution
		{BDD5AE4E-2C52-46C8-A513-6A031EC511DC}.Debug|Any CPU.ActiveCfg = Debug|Any CPU
		{BDD5AE4E-2C52-46C8-A513-6A031EC511DC}.Debug|Any CPU.Build.0 = Debug|Any CPU
		{BDD5AE4E-2C52-46C8-A513-6A031EC511DC}.Release|Any CPU.ActiveCfg = Release|Any CPU
		{BDD5AE4E-2C52-46C8-A513-6A031EC511DC}.Release|Any CPU.Build.0 = Release|Any CPU
		{338606DB-9818-4667-A466-C03A09AD9AE4}.Debug|Any CPU.ActiveCfg = Debug|Any CPU
		{338606DB-9818-4667-A466-C03A09AD9AE4}.Debug|Any CPU.Build.0 = Debug|Any CPU
		{338606DB-9818-4667-A466-C03A09AD9AE4}.Release|Any CPU.ActiveCfg = Release|Any CPU
		{338606DB-9818-4667-A466-C03A09AD9AE4}.Release|Any CPU.Build.0 = Release|Any CPU
	EndGlobalSection
	GlobalSection(SolutionProperties) = preSolution
		HideSolutionNode = FALSE
	EndGlobalSection
	GlobalSection(ExtensibilityGlobals) = postSolution
		SolutionGuid = {E87B7C1B-56A6-489C-862C-39FF8A66F198}
	EndGlobalSection
EndGlobal
