
Microsoft Visual Studio Solution File, Format Version 12.00
# Visual Studio Version 16
VisualStudioVersion = 16.0.31112.23
MinimumVisualStudioVersion = 10.0.40219.1
Project("{FAE04EC0-301F-11D3-BF4B-00C04F79EFBC}") = "Algorithms", "Algorithms\Algorithms.csproj", "{C07830ED-8637-403D-A2F0-D5CC2DDF18E5}"
EndProject
Project("{FAE04EC0-301F-11D3-BF4B-00C04F79EFBC}") = "Algorithms.Tests", "Algorithms.Test\Algorithms.Tests.csproj", "{B730A2A4-C625-4C6A-86C3-49262C12009B}"
EndProject
Global
	GlobalSection(SolutionConfigurationPlatforms) = preSolution
		Debug|Any CPU = Debug|Any CPU
		Release|Any CPU = Release|Any CPU
	EndGlobalSection
	GlobalSection(ProjectConfigurationPlatforms) = postSolution
		{C07830ED-8637-403D-A2F0-D5CC2DDF18E5}.Debug|Any CPU.ActiveCfg = Debug|Any CPU
		{C07830ED-8637-403D-A2F0-D5CC2DDF18E5}.Debug|Any CPU.Build.0 = Debug|Any CPU
		{C07830ED-8637-403D-A2F0-D5CC2DDF18E5}.Release|Any CPU.ActiveCfg = Release|Any CPU
		{C07830ED-8637-403D-A2F0-D5CC2DDF18E5}.Release|Any CPU.Build.0 = Release|Any CPU
		{B730A2A4-C625-4C6A-86C3-49262C12009B}.Debug|Any CPU.ActiveCfg = Debug|Any CPU
		{B730A2A4-C625-4C6A-86C3-49262C12009B}.Debug|Any CPU.Build.0 = Debug|Any CPU
		{B730A2A4-C625-4C6A-86C3-49262C12009B}.Release|Any CPU.ActiveCfg = Release|Any CPU
		{B730A2A4-C625-4C6A-86C3-49262C12009B}.Release|Any CPU.Build.0 = Release|Any CPU
	EndGlobalSection
	GlobalSection(SolutionProperties) = preSolution
		HideSolutionNode = FALSE
	EndGlobalSection
	GlobalSection(ExtensibilityGlobals) = postSolution
		SolutionGuid = {E87B7C1B-56A6-489C-862C-39FF8A66F198}
	EndGlobalSection
EndGlobal
